// !$*UTF8*$!
{
	archiveVersion = 1;
	classes = {
	};
	objectVersion = 56;
	objects = {

/* Begin PBXBuildFile section */
		C60E7B9A2C75AEE0006CD60D /* UIViewController+Utils.swift in Sources */ = {isa = PBXBuildFile; fileRef = C60E7B992C75AEE0006CD60D /* UIViewController+Utils.swift */; };
		C60E7B9C2C75B093006CD60D /* MainViewController.swift in Sources */ = {isa = PBXBuildFile; fileRef = C60E7B9B2C75B093006CD60D /* MainViewController.swift */; };
		C60E7B9F2C762406006CD60D /* AccountSummaryViewController.swift in Sources */ = {isa = PBXBuildFile; fileRef = C60E7B9E2C762406006CD60D /* AccountSummaryViewController.swift */; };
		C60E7BA12C77039B006CD60D /* AccountSummaryHeaderView.swift in Sources */ = {isa = PBXBuildFile; fileRef = C60E7BA02C77039B006CD60D /* AccountSummaryHeaderView.swift */; };
		C60E7BA32C7703C2006CD60D /* AccountSummaryHeaderView.xib in Resources */ = {isa = PBXBuildFile; fileRef = C60E7BA22C7703C2006CD60D /* AccountSummaryHeaderView.xib */; };
		C60E7BAA2C770AE7006CD60D /* SnapKit in Frameworks */ = {isa = PBXBuildFile; productRef = C60E7BA92C770AE7006CD60D /* SnapKit */; };
		C60E7BB32C7856D1006CD60D /* AccountSummaryCell.swift in Sources */ = {isa = PBXBuildFile; fileRef = C60E7BB22C7856D1006CD60D /* AccountSummaryCell.swift */; };
		C60E7BB52C78BF2B006CD60D /* DecimalUtils.swift in Sources */ = {isa = PBXBuildFile; fileRef = C60E7BB42C78BF2B006CD60D /* DecimalUtils.swift */; };
		C60E7BB72C78C022006CD60D /* CurrencyFormatter.swift in Sources */ = {isa = PBXBuildFile; fileRef = C60E7BB62C78C022006CD60D /* CurrencyFormatter.swift */; };
		C60E7BC62C78D1FC006CD60D /* CurrencyFormatterTests.swift in Sources */ = {isa = PBXBuildFile; fileRef = C60E7BC52C78D1FC006CD60D /* CurrencyFormatterTests.swift */; };
		C60E7BC82C7C40D7006CD60D /* NSNotificationName.swift in Sources */ = {isa = PBXBuildFile; fileRef = C60E7BC72C7C40D7006CD60D /* NSNotificationName.swift */; };
		C60E7BCA2C7C4461006CD60D /* UITextField+SecureToggle.swift in Sources */ = {isa = PBXBuildFile; fileRef = C60E7BC92C7C4461006CD60D /* UITextField+SecureToggle.swift */; };
		C60E7BCD2C7E0547006CD60D /* ShakeyBellView.swift in Sources */ = {isa = PBXBuildFile; fileRef = C60E7BCC2C7E0547006CD60D /* ShakeyBellView.swift */; };
		C6390E3F2B9EB98F00EF284D /* OnboardingContainerViewController.swift in Sources */ = {isa = PBXBuildFile; fileRef = C6390E3E2B9EB98F00EF284D /* OnboardingContainerViewController.swift */; };
		C66851652C7F002A00EAA991 /* Date+Utils.swift in Sources */ = {isa = PBXBuildFile; fileRef = C66851642C7F002A00EAA991 /* Date+Utils.swift */; };
		C66851672C7F02BE00EAA991 /* AccountSummaryViewController+Networking.swift in Sources */ = {isa = PBXBuildFile; fileRef = C66851662C7F02BE00EAA991 /* AccountSummaryViewController+Networking.swift */; };
		C693FB812C7F17F30072AD03 /* ProfileTests.swift in Sources */ = {isa = PBXBuildFile; fileRef = C693FB802C7F17F30072AD03 /* ProfileTests.swift */; };
		C693FB832C7F190D0072AD03 /* AccountTests.swift in Sources */ = {isa = PBXBuildFile; fileRef = C693FB822C7F190D0072AD03 /* AccountTests.swift */; };
		C693FB852C7F62870072AD03 /* SkeletonLoadable.swift in Sources */ = {isa = PBXBuildFile; fileRef = C693FB842C7F62870072AD03 /* SkeletonLoadable.swift */; };
		C693FB872C7F634F0072AD03 /* SkeletonCell.swift in Sources */ = {isa = PBXBuildFile; fileRef = C693FB862C7F634F0072AD03 /* SkeletonCell.swift */; };
		C693FB8A2C8006F80072AD03 /* ProfileManager.swift in Sources */ = {isa = PBXBuildFile; fileRef = C693FB892C8006F80072AD03 /* ProfileManager.swift */; };
		C693FB8C2C8009B30072AD03 /* AccountSummaryViewControllerTests.swift in Sources */ = {isa = PBXBuildFile; fileRef = C693FB8B2C8009B30072AD03 /* AccountSummaryViewControllerTests.swift */; };
		C693FB8F2C854DE50072AD03 /* String+Constants.swift in Sources */ = {isa = PBXBuildFile; fileRef = C693FB8E2C854DE50072AD03 /* String+Constants.swift */; };
		C6BDA8F32B8DA75600ED452A /* AppDelegate.swift in Sources */ = {isa = PBXBuildFile; fileRef = C6BDA8F22B8DA75600ED452A /* AppDelegate.swift */; };
		C6BDA8F72B8DA75600ED452A /* LoginViewController.swift in Sources */ = {isa = PBXBuildFile; fileRef = C6BDA8F62B8DA75600ED452A /* LoginViewController.swift */; };
		C6BDA8FC2B8DA75700ED452A /* Assets.xcassets in Resources */ = {isa = PBXBuildFile; fileRef = C6BDA8FB2B8DA75700ED452A /* Assets.xcassets */; };
		C6BDA8FF2B8DA75700ED452A /* LaunchScreen.storyboard in Resources */ = {isa = PBXBuildFile; fileRef = C6BDA8FD2B8DA75700ED452A /* LaunchScreen.storyboard */; };
		C6BDA9092B8DB10000ED452A /* LoginView.swift in Sources */ = {isa = PBXBuildFile; fileRef = C6BDA9082B8DB10000ED452A /* LoginView.swift */; };
		C6D4F9382C6CED2A00CE556E /* OnboardingViewController.swift in Sources */ = {isa = PBXBuildFile; fileRef = C6D4F9372C6CED2A00CE556E /* OnboardingViewController.swift */; };
		C6D4F93F2C732F1700CE556E /* DummyViewController.swift in Sources */ = {isa = PBXBuildFile; fileRef = C6D4F93E2C732F1700CE556E /* DummyViewController.swift */; };
		C6D4F9422C7441BA00CE556E /* LocalState.swift in Sources */ = {isa = PBXBuildFile; fileRef = C6D4F9412C7441BA00CE556E /* LocalState.swift */; };
/* End PBXBuildFile section */

/* Begin PBXContainerItemProxy section */
		C60E7BC02C78D0C0006CD60D /* PBXContainerItemProxy */ = {
			isa = PBXContainerItemProxy;
			containerPortal = C6BDA8E72B8DA75600ED452A /* Project object */;
			proxyType = 1;
			remoteGlobalIDString = C6BDA8EE2B8DA75600ED452A;
			remoteInfo = Bankey;
		};
/* End PBXContainerItemProxy section */

/* Begin PBXCopyFilesBuildPhase section */
		C6437B4D2BFF0CCF002A83DD /* Embed Frameworks */ = {
			isa = PBXCopyFilesBuildPhase;
			buildActionMask = 2147483647;
			dstPath = "";
			dstSubfolderSpec = 10;
			files = (
			);
			name = "Embed Frameworks";
			runOnlyForDeploymentPostprocessing = 0;
		};
/* End PBXCopyFilesBuildPhase section */

/* Begin PBXFileReference section */
		C60E7B992C75AEE0006CD60D /* UIViewController+Utils.swift */ = {isa = PBXFileReference; lastKnownFileType = sourcecode.swift; path = "UIViewController+Utils.swift"; sourceTree = "<group>"; };
		C60E7B9B2C75B093006CD60D /* MainViewController.swift */ = {isa = PBXFileReference; lastKnownFileType = sourcecode.swift; path = MainViewController.swift; sourceTree = "<group>"; };
		C60E7B9E2C762406006CD60D /* AccountSummaryViewController.swift */ = {isa = PBXFileReference; lastKnownFileType = sourcecode.swift; path = AccountSummaryViewController.swift; sourceTree = "<group>"; };
		C60E7BA02C77039B006CD60D /* AccountSummaryHeaderView.swift */ = {isa = PBXFileReference; lastKnownFileType = sourcecode.swift; path = AccountSummaryHeaderView.swift; sourceTree = "<group>"; };
		C60E7BA22C7703C2006CD60D /* AccountSummaryHeaderView.xib */ = {isa = PBXFileReference; lastKnownFileType = file.xib; path = AccountSummaryHeaderView.xib; sourceTree = "<group>"; };
		C60E7BB22C7856D1006CD60D /* AccountSummaryCell.swift */ = {isa = PBXFileReference; lastKnownFileType = sourcecode.swift; path = AccountSummaryCell.swift; sourceTree = "<group>"; };
		C60E7BB42C78BF2B006CD60D /* DecimalUtils.swift */ = {isa = PBXFileReference; lastKnownFileType = sourcecode.swift; path = DecimalUtils.swift; sourceTree = "<group>"; };
		C60E7BB62C78C022006CD60D /* CurrencyFormatter.swift */ = {isa = PBXFileReference; lastKnownFileType = sourcecode.swift; path = CurrencyFormatter.swift; sourceTree = "<group>"; };
		C60E7BBC2C78D0C0006CD60D /* BankeyUnitTests.xctest */ = {isa = PBXFileReference; explicitFileType = wrapper.cfbundle; includeInIndex = 0; path = BankeyUnitTests.xctest; sourceTree = BUILT_PRODUCTS_DIR; };
		C60E7BC52C78D1FC006CD60D /* CurrencyFormatterTests.swift */ = {isa = PBXFileReference; lastKnownFileType = sourcecode.swift; path = CurrencyFormatterTests.swift; sourceTree = "<group>"; };
		C60E7BC72C7C40D7006CD60D /* NSNotificationName.swift */ = {isa = PBXFileReference; lastKnownFileType = sourcecode.swift; path = NSNotificationName.swift; sourceTree = "<group>"; };
		C60E7BC92C7C4461006CD60D /* UITextField+SecureToggle.swift */ = {isa = PBXFileReference; lastKnownFileType = sourcecode.swift; path = "UITextField+SecureToggle.swift"; sourceTree = "<group>"; };
		C60E7BCC2C7E0547006CD60D /* ShakeyBellView.swift */ = {isa = PBXFileReference; lastKnownFileType = sourcecode.swift; path = ShakeyBellView.swift; sourceTree = "<group>"; };
		C6390E3E2B9EB98F00EF284D /* OnboardingContainerViewController.swift */ = {isa = PBXFileReference; lastKnownFileType = sourcecode.swift; path = OnboardingContainerViewController.swift; sourceTree = "<group>"; };
		C66851642C7F002A00EAA991 /* Date+Utils.swift */ = {isa = PBXFileReference; lastKnownFileType = sourcecode.swift; path = "Date+Utils.swift"; sourceTree = "<group>"; };
		C66851662C7F02BE00EAA991 /* AccountSummaryViewController+Networking.swift */ = {isa = PBXFileReference; lastKnownFileType = sourcecode.swift; path = "AccountSummaryViewController+Networking.swift"; sourceTree = "<group>"; };
		C693FB802C7F17F30072AD03 /* ProfileTests.swift */ = {isa = PBXFileReference; lastKnownFileType = sourcecode.swift; path = ProfileTests.swift; sourceTree = "<group>"; };
		C693FB822C7F190D0072AD03 /* AccountTests.swift */ = {isa = PBXFileReference; lastKnownFileType = sourcecode.swift; path = AccountTests.swift; sourceTree = "<group>"; };
		C693FB842C7F62870072AD03 /* SkeletonLoadable.swift */ = {isa = PBXFileReference; lastKnownFileType = sourcecode.swift; path = SkeletonLoadable.swift; sourceTree = "<group>"; };
		C693FB862C7F634F0072AD03 /* SkeletonCell.swift */ = {isa = PBXFileReference; lastKnownFileType = sourcecode.swift; path = SkeletonCell.swift; sourceTree = "<group>"; };
		C693FB892C8006F80072AD03 /* ProfileManager.swift */ = {isa = PBXFileReference; lastKnownFileType = sourcecode.swift; path = ProfileManager.swift; sourceTree = "<group>"; };
		C693FB8B2C8009B30072AD03 /* AccountSummaryViewControllerTests.swift */ = {isa = PBXFileReference; lastKnownFileType = sourcecode.swift; path = AccountSummaryViewControllerTests.swift; sourceTree = "<group>"; };
		C693FB8E2C854DE50072AD03 /* String+Constants.swift */ = {isa = PBXFileReference; lastKnownFileType = sourcecode.swift; path = "String+Constants.swift"; sourceTree = "<group>"; };
		C6BDA8EF2B8DA75600ED452A /* Bankey.app */ = {isa = PBXFileReference; explicitFileType = wrapper.application; includeInIndex = 0; path = Bankey.app; sourceTree = BUILT_PRODUCTS_DIR; };
		C6BDA8F22B8DA75600ED452A /* AppDelegate.swift */ = {isa = PBXFileReference; lastKnownFileType = sourcecode.swift; path = AppDelegate.swift; sourceTree = "<group>"; };
		C6BDA8F62B8DA75600ED452A /* LoginViewController.swift */ = {isa = PBXFileReference; lastKnownFileType = sourcecode.swift; path = LoginViewController.swift; sourceTree = "<group>"; };
		C6BDA8FB2B8DA75700ED452A /* Assets.xcassets */ = {isa = PBXFileReference; lastKnownFileType = folder.assetcatalog; path = Assets.xcassets; sourceTree = "<group>"; };
		C6BDA8FE2B8DA75700ED452A /* Base */ = {isa = PBXFileReference; lastKnownFileType = file.storyboard; name = Base; path = Base.lproj/LaunchScreen.storyboard; sourceTree = "<group>"; };
		C6BDA9002B8DA75700ED452A /* Info.plist */ = {isa = PBXFileReference; lastKnownFileType = text.plist.xml; path = Info.plist; sourceTree = "<group>"; };
		C6BDA9082B8DB10000ED452A /* LoginView.swift */ = {isa = PBXFileReference; lastKnownFileType = sourcecode.swift; path = LoginView.swift; sourceTree = "<group>"; };
		C6D4F9372C6CED2A00CE556E /* OnboardingViewController.swift */ = {isa = PBXFileReference; lastKnownFileType = sourcecode.swift; path = OnboardingViewController.swift; sourceTree = "<group>"; };
		C6D4F93E2C732F1700CE556E /* DummyViewController.swift */ = {isa = PBXFileReference; lastKnownFileType = sourcecode.swift; path = DummyViewController.swift; sourceTree = "<group>"; };
		C6D4F9412C7441BA00CE556E /* LocalState.swift */ = {isa = PBXFileReference; lastKnownFileType = sourcecode.swift; path = LocalState.swift; sourceTree = "<group>"; };
/* End PBXFileReference section */

/* Begin PBXFrameworksBuildPhase section */
		C60E7BB92C78D0C0006CD60D /* Frameworks */ = {
			isa = PBXFrameworksBuildPhase;
			buildActionMask = 2147483647;
			files = (
			);
			runOnlyForDeploymentPostprocessing = 0;
		};
		C6BDA8EC2B8DA75600ED452A /* Frameworks */ = {
			isa = PBXFrameworksBuildPhase;
			buildActionMask = 2147483647;
			files = (
				C60E7BAA2C770AE7006CD60D /* SnapKit in Frameworks */,
			);
			runOnlyForDeploymentPostprocessing = 0;
		};
/* End PBXFrameworksBuildPhase section */

/* Begin PBXGroup section */
		C60E7B9D2C7623E1006CD60D /* AccountSummary */ = {
			isa = PBXGroup;
			children = (
				C60E7B9E2C762406006CD60D /* AccountSummaryViewController.swift */,
				C66851662C7F02BE00EAA991 /* AccountSummaryViewController+Networking.swift */,
				C60E7BAE2C785636006CD60D /* Header */,
				C60E7BAF2C78568B006CD60D /* Cells */,
				C693FB882C8006E40072AD03 /* Networking */,
			);
			path = AccountSummary;
			sourceTree = "<group>";
		};
		C60E7BAE2C785636006CD60D /* Header */ = {
			isa = PBXGroup;
			children = (
				C60E7BA02C77039B006CD60D /* AccountSummaryHeaderView.swift */,
				C60E7BA22C7703C2006CD60D /* AccountSummaryHeaderView.xib */,
			);
			path = Header;
			sourceTree = "<group>";
		};
		C60E7BAF2C78568B006CD60D /* Cells */ = {
			isa = PBXGroup;
			children = (
				C60E7BB22C7856D1006CD60D /* AccountSummaryCell.swift */,
				C693FB842C7F62870072AD03 /* SkeletonLoadable.swift */,
				C693FB862C7F634F0072AD03 /* SkeletonCell.swift */,
			);
			path = Cells;
			sourceTree = "<group>";
		};
		C60E7BBD2C78D0C0006CD60D /* BankeyUnitTests */ = {
			isa = PBXGroup;
			children = (
				C693FB7F2C7F17B90072AD03 /* AccountSummary */,
				C693FB7E2C7F17A90072AD03 /* Utils */,
			);
			path = BankeyUnitTests;
			sourceTree = "<group>";
		};
		C60E7BCB2C7E0518006CD60D /* Components */ = {
			isa = PBXGroup;
			children = (
				C60E7BCC2C7E0547006CD60D /* ShakeyBellView.swift */,
			);
			path = Components;
			sourceTree = "<group>";
		};
		C6390E3D2B9EB91900EF284D /* Onboarding */ = {
			isa = PBXGroup;
			children = (
				C6390E3E2B9EB98F00EF284D /* OnboardingContainerViewController.swift */,
				C6D4F9372C6CED2A00CE556E /* OnboardingViewController.swift */,
			);
			path = Onboarding;
			sourceTree = "<group>";
		};
		C693FB7E2C7F17A90072AD03 /* Utils */ = {
			isa = PBXGroup;
			children = (
				C60E7BC52C78D1FC006CD60D /* CurrencyFormatterTests.swift */,
			);
			path = Utils;
			sourceTree = "<group>";
		};
		C693FB7F2C7F17B90072AD03 /* AccountSummary */ = {
			isa = PBXGroup;
			children = (
				C693FB802C7F17F30072AD03 /* ProfileTests.swift */,
				C693FB822C7F190D0072AD03 /* AccountTests.swift */,
				C693FB8B2C8009B30072AD03 /* AccountSummaryViewControllerTests.swift */,
			);
			path = AccountSummary;
			sourceTree = "<group>";
		};
		C693FB882C8006E40072AD03 /* Networking */ = {
			isa = PBXGroup;
			children = (
				C693FB892C8006F80072AD03 /* ProfileManager.swift */,
			);
			path = Networking;
			sourceTree = "<group>";
		};
		C6BDA8E62B8DA75600ED452A = {
			isa = PBXGroup;
			children = (
				C6BDA8F12B8DA75600ED452A /* Bankey */,
				C60E7BBD2C78D0C0006CD60D /* BankeyUnitTests */,
				C6BDA8F02B8DA75600ED452A /* Products */,
			);
			sourceTree = "<group>";
		};
		C6BDA8F02B8DA75600ED452A /* Products */ = {
			isa = PBXGroup;
			children = (
				C6BDA8EF2B8DA75600ED452A /* Bankey.app */,
				C60E7BBC2C78D0C0006CD60D /* BankeyUnitTests.xctest */,
			);
			name = Products;
			sourceTree = "<group>";
		};
		C6BDA8F12B8DA75600ED452A /* Bankey */ = {
			isa = PBXGroup;
			children = (
				C6BDA8F22B8DA75600ED452A /* AppDelegate.swift */,
				C60E7B9B2C75B093006CD60D /* MainViewController.swift */,
				C6BDA9072B8DB0CC00ED452A /* Login */,
				C6390E3D2B9EB91900EF284D /* Onboarding */,
				C60E7B9D2C7623E1006CD60D /* AccountSummary */,
				C6D4F9402C74416200CE556E /* Utils */,
				C60E7BCB2C7E0518006CD60D /* Components */,
				C6BDA9102B8DBA0200ED452A /* Files */,
			);
			path = Bankey;
			sourceTree = "<group>";
		};
		C6BDA9072B8DB0CC00ED452A /* Login */ = {
			isa = PBXGroup;
			children = (
				C6BDA8F62B8DA75600ED452A /* LoginViewController.swift */,
				C6BDA9082B8DB10000ED452A /* LoginView.swift */,
				C6D4F93E2C732F1700CE556E /* DummyViewController.swift */,
			);
			path = Login;
			sourceTree = "<group>";
		};
		C6BDA9102B8DBA0200ED452A /* Files */ = {
			isa = PBXGroup;
			children = (
				C6BDA8FB2B8DA75700ED452A /* Assets.xcassets */,
				C6BDA8FD2B8DA75700ED452A /* LaunchScreen.storyboard */,
				C6BDA9002B8DA75700ED452A /* Info.plist */,
			);
			name = Files;
			sourceTree = "<group>";
		};
		C6D4F9402C74416200CE556E /* Utils */ = {
			isa = PBXGroup;
			children = (
				C6D4F9412C7441BA00CE556E /* LocalState.swift */,
				C60E7B992C75AEE0006CD60D /* UIViewController+Utils.swift */,
				C60E7BB42C78BF2B006CD60D /* DecimalUtils.swift */,
				C60E7BB62C78C022006CD60D /* CurrencyFormatter.swift */,
				C60E7BC72C7C40D7006CD60D /* NSNotificationName.swift */,
				C60E7BC92C7C4461006CD60D /* UITextField+SecureToggle.swift */,
				C66851642C7F002A00EAA991 /* Date+Utils.swift */,
				C693FB8E2C854DE50072AD03 /* String+Constants.swift */,
			);
			path = Utils;
			sourceTree = "<group>";
		};
/* End PBXGroup section */

/* Begin PBXNativeTarget section */
		C60E7BBB2C78D0C0006CD60D /* BankeyUnitTests */ = {
			isa = PBXNativeTarget;
			buildConfigurationList = C60E7BC22C78D0C0006CD60D /* Build configuration list for PBXNativeTarget "BankeyUnitTests" */;
			buildPhases = (
				C60E7BB82C78D0C0006CD60D /* Sources */,
				C60E7BB92C78D0C0006CD60D /* Frameworks */,
				C60E7BBA2C78D0C0006CD60D /* Resources */,
			);
			buildRules = (
			);
			dependencies = (
				C60E7BC12C78D0C0006CD60D /* PBXTargetDependency */,
			);
			name = BankeyUnitTests;
			productName = BankeyUnitTests;
			productReference = C60E7BBC2C78D0C0006CD60D /* BankeyUnitTests.xctest */;
			productType = "com.apple.product-type.bundle.unit-test";
		};
		C6BDA8EE2B8DA75600ED452A /* Bankey */ = {
			isa = PBXNativeTarget;
			buildConfigurationList = C6BDA9032B8DA75700ED452A /* Build configuration list for PBXNativeTarget "Bankey" */;
			buildPhases = (
				C6BDA8EB2B8DA75600ED452A /* Sources */,
				C6BDA8EC2B8DA75600ED452A /* Frameworks */,
				C6BDA8ED2B8DA75600ED452A /* Resources */,
				C6437B4D2BFF0CCF002A83DD /* Embed Frameworks */,
			);
			buildRules = (
			);
			dependencies = (
			);
			name = Bankey;
			packageProductDependencies = (
				C60E7BA92C770AE7006CD60D /* SnapKit */,
			);
			productName = Bankey;
			productReference = C6BDA8EF2B8DA75600ED452A /* Bankey.app */;
			productType = "com.apple.product-type.application";
		};
/* End PBXNativeTarget section */

/* Begin PBXProject section */
		C6BDA8E72B8DA75600ED452A /* Project object */ = {
			isa = PBXProject;
			attributes = {
				BuildIndependentTargetsInParallel = 1;
				LastSwiftUpdateCheck = 1540;
				LastUpgradeCheck = 1500;
				TargetAttributes = {
					C60E7BBB2C78D0C0006CD60D = {
						CreatedOnToolsVersion = 15.4;
						TestTargetID = C6BDA8EE2B8DA75600ED452A;
					};
					C6BDA8EE2B8DA75600ED452A = {
						CreatedOnToolsVersion = 15.0.1;
					};
				};
			};
			buildConfigurationList = C6BDA8EA2B8DA75600ED452A /* Build configuration list for PBXProject "Bankey" */;
			compatibilityVersion = "Xcode 14.0";
			developmentRegion = en;
			hasScannedForEncodings = 0;
			knownRegions = (
				en,
				Base,
			);
			mainGroup = C6BDA8E62B8DA75600ED452A;
			packageReferences = (
				C60E7BA82C770AE7006CD60D /* XCRemoteSwiftPackageReference "SnapKit" */,
			);
			productRefGroup = C6BDA8F02B8DA75600ED452A /* Products */;
			projectDirPath = "";
			projectRoot = "";
			targets = (
				C6BDA8EE2B8DA75600ED452A /* Bankey */,
				C60E7BBB2C78D0C0006CD60D /* BankeyUnitTests */,
			);
		};
/* End PBXProject section */

/* Begin PBXResourcesBuildPhase section */
		C60E7BBA2C78D0C0006CD60D /* Resources */ = {
			isa = PBXResourcesBuildPhase;
			buildActionMask = 2147483647;
			files = (
			);
			runOnlyForDeploymentPostprocessing = 0;
		};
		C6BDA8ED2B8DA75600ED452A /* Resources */ = {
			isa = PBXResourcesBuildPhase;
			buildActionMask = 2147483647;
			files = (
				C60E7BA32C7703C2006CD60D /* AccountSummaryHeaderView.xib in Resources */,
				C6BDA8FF2B8DA75700ED452A /* LaunchScreen.storyboard in Resources */,
				C6BDA8FC2B8DA75700ED452A /* Assets.xcassets in Resources */,
			);
			runOnlyForDeploymentPostprocessing = 0;
		};
/* End PBXResourcesBuildPhase section */

/* Begin PBXSourcesBuildPhase section */
		C60E7BB82C78D0C0006CD60D /* Sources */ = {
			isa = PBXSourcesBuildPhase;
			buildActionMask = 2147483647;
			files = (
				C60E7BC62C78D1FC006CD60D /* CurrencyFormatterTests.swift in Sources */,
				C693FB832C7F190D0072AD03 /* AccountTests.swift in Sources */,
				C693FB812C7F17F30072AD03 /* ProfileTests.swift in Sources */,
				C693FB8C2C8009B30072AD03 /* AccountSummaryViewControllerTests.swift in Sources */,
			);
			runOnlyForDeploymentPostprocessing = 0;
		};
		C6BDA8EB2B8DA75600ED452A /* Sources */ = {
			isa = PBXSourcesBuildPhase;
			buildActionMask = 2147483647;
			files = (
				C60E7B9A2C75AEE0006CD60D /* UIViewController+Utils.swift in Sources */,
				C693FB872C7F634F0072AD03 /* SkeletonCell.swift in Sources */,
				C66851652C7F002A00EAA991 /* Date+Utils.swift in Sources */,
				C693FB8A2C8006F80072AD03 /* ProfileManager.swift in Sources */,
				C6BDA9092B8DB10000ED452A /* LoginView.swift in Sources */,
				C6D4F9422C7441BA00CE556E /* LocalState.swift in Sources */,
				C60E7BA12C77039B006CD60D /* AccountSummaryHeaderView.swift in Sources */,
				C60E7BCA2C7C4461006CD60D /* UITextField+SecureToggle.swift in Sources */,
				C693FB8F2C854DE50072AD03 /* String+Constants.swift in Sources */,
				C6D4F93F2C732F1700CE556E /* DummyViewController.swift in Sources */,
				C60E7BB72C78C022006CD60D /* CurrencyFormatter.swift in Sources */,
				C60E7BB52C78BF2B006CD60D /* DecimalUtils.swift in Sources */,
				C60E7BC82C7C40D7006CD60D /* NSNotificationName.swift in Sources */,
				C6BDA8F72B8DA75600ED452A /* LoginViewController.swift in Sources */,
				C60E7BCD2C7E0547006CD60D /* ShakeyBellView.swift in Sources */,
				C60E7BB32C7856D1006CD60D /* AccountSummaryCell.swift in Sources */,
				C6D4F9382C6CED2A00CE556E /* OnboardingViewController.swift in Sources */,
				C60E7B9C2C75B093006CD60D /* MainViewController.swift in Sources */,
				C60E7B9F2C762406006CD60D /* AccountSummaryViewController.swift in Sources */,
				C6BDA8F32B8DA75600ED452A /* AppDelegate.swift in Sources */,
				C6390E3F2B9EB98F00EF284D /* OnboardingContainerViewController.swift in Sources */,
				C693FB852C7F62870072AD03 /* SkeletonLoadable.swift in Sources */,
				C66851672C7F02BE00EAA991 /* AccountSummaryViewController+Networking.swift in Sources */,
			);
			runOnlyForDeploymentPostprocessing = 0;
		};
/* End PBXSourcesBuildPhase section */

/* Begin PBXTargetDependency section */
		C60E7BC12C78D0C0006CD60D /* PBXTargetDependency */ = {
			isa = PBXTargetDependency;
			target = C6BDA8EE2B8DA75600ED452A /* Bankey */;
			targetProxy = C60E7BC02C78D0C0006CD60D /* PBXContainerItemProxy */;
		};
/* End PBXTargetDependency section */

/* Begin PBXVariantGroup section */
		C6BDA8FD2B8DA75700ED452A /* LaunchScreen.storyboard */ = {
			isa = PBXVariantGroup;
			children = (
				C6BDA8FE2B8DA75700ED452A /* Base */,
			);
			name = LaunchScreen.storyboard;
			sourceTree = "<group>";
		};
/* End PBXVariantGroup section */

/* Begin XCBuildConfiguration section */
		C60E7BC32C78D0C0006CD60D /* Debug */ = {
			isa = XCBuildConfiguration;
			buildSettings = {
				BUNDLE_LOADER = "$(TEST_HOST)";
				CODE_SIGN_STYLE = Automatic;
				CURRENT_PROJECT_VERSION = 1;
				DEVELOPMENT_TEAM = H23U829MKV;
				GENERATE_INFOPLIST_FILE = YES;
				IPHONEOS_DEPLOYMENT_TARGET = 15.6;
				MARKETING_VERSION = 1.0;
				PRODUCT_BUNDLE_IDENTIFIER = com.yusheng.BankeyUnitTests;
				PRODUCT_NAME = "$(TARGET_NAME)";
				SWIFT_EMIT_LOC_STRINGS = NO;
				SWIFT_VERSION = 5.0;
				TARGETED_DEVICE_FAMILY = "1,2";
				TEST_HOST = "$(BUILT_PRODUCTS_DIR)/Bankey.app/$(BUNDLE_EXECUTABLE_FOLDER_PATH)/Bankey";
			};
			name = Debug;
		};
		C60E7BC42C78D0C0006CD60D /* Release */ = {
			isa = XCBuildConfiguration;
			buildSettings = {
				BUNDLE_LOADER = "$(TEST_HOST)";
				CODE_SIGN_STYLE = Automatic;
				CURRENT_PROJECT_VERSION = 1;
				DEVELOPMENT_TEAM = H23U829MKV;
				GENERATE_INFOPLIST_FILE = YES;
				IPHONEOS_DEPLOYMENT_TARGET = 15.6;
				MARKETING_VERSION = 1.0;
				PRODUCT_BUNDLE_IDENTIFIER = com.yusheng.BankeyUnitTests;
				PRODUCT_NAME = "$(TARGET_NAME)";
				SWIFT_EMIT_LOC_STRINGS = NO;
				SWIFT_VERSION = 5.0;
				TARGETED_DEVICE_FAMILY = "1,2";
				TEST_HOST = "$(BUILT_PRODUCTS_DIR)/Bankey.app/$(BUNDLE_EXECUTABLE_FOLDER_PATH)/Bankey";
			};
			name = Release;
		};
		C6BDA9012B8DA75700ED452A /* Debug */ = {
			isa = XCBuildConfiguration;
			buildSettings = {
				ALWAYS_SEARCH_USER_PATHS = NO;
				ASSETCATALOG_COMPILER_GENERATE_SWIFT_ASSET_SYMBOL_EXTENSIONS = YES;
				CLANG_ANALYZER_NONNULL = YES;
				CLANG_ANALYZER_NUMBER_OBJECT_CONVERSION = YES_AGGRESSIVE;
				CLANG_CXX_LANGUAGE_STANDARD = "gnu++20";
				CLANG_ENABLE_MODULES = YES;
				CLANG_ENABLE_OBJC_ARC = YES;
				CLANG_ENABLE_OBJC_WEAK = YES;
				CLANG_WARN_BLOCK_CAPTURE_AUTORELEASING = YES;
				CLANG_WARN_BOOL_CONVERSION = YES;
				CLANG_WARN_COMMA = YES;
				CLANG_WARN_CONSTANT_CONVERSION = YES;
				CLANG_WARN_DEPRECATED_OBJC_IMPLEMENTATIONS = YES;
				CLANG_WARN_DIRECT_OBJC_ISA_USAGE = YES_ERROR;
				CLANG_WARN_DOCUMENTATION_COMMENTS = YES;
				CLANG_WARN_EMPTY_BODY = YES;
				CLANG_WARN_ENUM_CONVERSION = YES;
				CLANG_WARN_INFINITE_RECURSION = YES;
				CLANG_WARN_INT_CONVERSION = YES;
				CLANG_WARN_NON_LITERAL_NULL_CONVERSION = YES;
				CLANG_WARN_OBJC_IMPLICIT_RETAIN_SELF = YES;
				CLANG_WARN_OBJC_LITERAL_CONVERSION = YES;
				CLANG_WARN_OBJC_ROOT_CLASS = YES_ERROR;
				CLANG_WARN_QUOTED_INCLUDE_IN_FRAMEWORK_HEADER = YES;
				CLANG_WARN_RANGE_LOOP_ANALYSIS = YES;
				CLANG_WARN_STRICT_PROTOTYPES = YES;
				CLANG_WARN_SUSPICIOUS_MOVE = YES;
				CLANG_WARN_UNGUARDED_AVAILABILITY = YES_AGGRESSIVE;
				CLANG_WARN_UNREACHABLE_CODE = YES;
				CLANG_WARN__DUPLICATE_METHOD_MATCH = YES;
				COPY_PHASE_STRIP = NO;
				DEBUG_INFORMATION_FORMAT = dwarf;
				ENABLE_STRICT_OBJC_MSGSEND = YES;
				ENABLE_TESTABILITY = YES;
				ENABLE_USER_SCRIPT_SANDBOXING = YES;
				GCC_C_LANGUAGE_STANDARD = gnu17;
				GCC_DYNAMIC_NO_PIC = NO;
				GCC_NO_COMMON_BLOCKS = YES;
				GCC_OPTIMIZATION_LEVEL = 0;
				GCC_PREPROCESSOR_DEFINITIONS = (
					"DEBUG=1",
					"$(inherited)",
				);
				GCC_WARN_64_TO_32_BIT_CONVERSION = YES;
				GCC_WARN_ABOUT_RETURN_TYPE = YES_ERROR;
				GCC_WARN_UNDECLARED_SELECTOR = YES;
				GCC_WARN_UNINITIALIZED_AUTOS = YES_AGGRESSIVE;
				GCC_WARN_UNUSED_FUNCTION = YES;
				GCC_WARN_UNUSED_VARIABLE = YES;
				IPHONEOS_DEPLOYMENT_TARGET = 17.0;
				LOCALIZATION_PREFERS_STRING_CATALOGS = YES;
				MTL_ENABLE_DEBUG_INFO = INCLUDE_SOURCE;
				MTL_FAST_MATH = YES;
				ONLY_ACTIVE_ARCH = YES;
				SDKROOT = iphoneos;
				SWIFT_ACTIVE_COMPILATION_CONDITIONS = "DEBUG $(inherited)";
				SWIFT_OPTIMIZATION_LEVEL = "-Onone";
			};
			name = Debug;
		};
		C6BDA9022B8DA75700ED452A /* Release */ = {
			isa = XCBuildConfiguration;
			buildSettings = {
				ALWAYS_SEARCH_USER_PATHS = NO;
				ASSETCATALOG_COMPILER_GENERATE_SWIFT_ASSET_SYMBOL_EXTENSIONS = YES;
				CLANG_ANALYZER_NONNULL = YES;
				CLANG_ANALYZER_NUMBER_OBJECT_CONVERSION = YES_AGGRESSIVE;
				CLANG_CXX_LANGUAGE_STANDARD = "gnu++20";
				CLANG_ENABLE_MODULES = YES;
				CLANG_ENABLE_OBJC_ARC = YES;
				CLANG_ENABLE_OBJC_WEAK = YES;
				CLANG_WARN_BLOCK_CAPTURE_AUTORELEASING = YES;
				CLANG_WARN_BOOL_CONVERSION = YES;
				CLANG_WARN_COMMA = YES;
				CLANG_WARN_CONSTANT_CONVERSION = YES;
				CLANG_WARN_DEPRECATED_OBJC_IMPLEMENTATIONS = YES;
				CLANG_WARN_DIRECT_OBJC_ISA_USAGE = YES_ERROR;
				CLANG_WARN_DOCUMENTATION_COMMENTS = YES;
				CLANG_WARN_EMPTY_BODY = YES;
				CLANG_WARN_ENUM_CONVERSION = YES;
				CLANG_WARN_INFINITE_RECURSION = YES;
				CLANG_WARN_INT_CONVERSION = YES;
				CLANG_WARN_NON_LITERAL_NULL_CONVERSION = YES;
				CLANG_WARN_OBJC_IMPLICIT_RETAIN_SELF = YES;
				CLANG_WARN_OBJC_LITERAL_CONVERSION = YES;
				CLANG_WARN_OBJC_ROOT_CLASS = YES_ERROR;
				CLANG_WARN_QUOTED_INCLUDE_IN_FRAMEWORK_HEADER = YES;
				CLANG_WARN_RANGE_LOOP_ANALYSIS = YES;
				CLANG_WARN_STRICT_PROTOTYPES = YES;
				CLANG_WARN_SUSPICIOUS_MOVE = YES;
				CLANG_WARN_UNGUARDED_AVAILABILITY = YES_AGGRESSIVE;
				CLANG_WARN_UNREACHABLE_CODE = YES;
				CLANG_WARN__DUPLICATE_METHOD_MATCH = YES;
				COPY_PHASE_STRIP = NO;
				DEBUG_INFORMATION_FORMAT = "dwarf-with-dsym";
				ENABLE_NS_ASSERTIONS = NO;
				ENABLE_STRICT_OBJC_MSGSEND = YES;
				ENABLE_USER_SCRIPT_SANDBOXING = YES;
				GCC_C_LANGUAGE_STANDARD = gnu17;
				GCC_NO_COMMON_BLOCKS = YES;
				GCC_WARN_64_TO_32_BIT_CONVERSION = YES;
				GCC_WARN_ABOUT_RETURN_TYPE = YES_ERROR;
				GCC_WARN_UNDECLARED_SELECTOR = YES;
				GCC_WARN_UNINITIALIZED_AUTOS = YES_AGGRESSIVE;
				GCC_WARN_UNUSED_FUNCTION = YES;
				GCC_WARN_UNUSED_VARIABLE = YES;
				IPHONEOS_DEPLOYMENT_TARGET = 17.0;
				LOCALIZATION_PREFERS_STRING_CATALOGS = YES;
				MTL_ENABLE_DEBUG_INFO = NO;
				MTL_FAST_MATH = YES;
				SDKROOT = iphoneos;
				SWIFT_COMPILATION_MODE = wholemodule;
				VALIDATE_PRODUCT = YES;
			};
			name = Release;
		};
		C6BDA9042B8DA75700ED452A /* Debug */ = {
			isa = XCBuildConfiguration;
			buildSettings = {
				ASSETCATALOG_COMPILER_APPICON_NAME = AppIcon;
				ASSETCATALOG_COMPILER_GLOBAL_ACCENT_COLOR_NAME = AccentColor;
				CODE_SIGN_STYLE = Automatic;
				CURRENT_PROJECT_VERSION = 1;
				DEVELOPMENT_TEAM = H23U829MKV;
				GENERATE_INFOPLIST_FILE = YES;
				INFOPLIST_FILE = Bankey/Info.plist;
				INFOPLIST_KEY_UIApplicationSupportsIndirectInputEvents = YES;
				INFOPLIST_KEY_UILaunchStoryboardName = LaunchScreen;
				INFOPLIST_KEY_UISupportedInterfaceOrientations_iPad = "UIInterfaceOrientationPortrait UIInterfaceOrientationPortraitUpsideDown UIInterfaceOrientationLandscapeLeft UIInterfaceOrientationLandscapeRight";
				INFOPLIST_KEY_UISupportedInterfaceOrientations_iPhone = "UIInterfaceOrientationPortrait UIInterfaceOrientationLandscapeLeft UIInterfaceOrientationLandscapeRight";
				IPHONEOS_DEPLOYMENT_TARGET = 15.6;
				LD_RUNPATH_SEARCH_PATHS = (
					"$(inherited)",
					"@executable_path/Frameworks",
				);
				MARKETING_VERSION = 1.0;
				PRODUCT_BUNDLE_IDENTIFIER = com.yusheng.Bankey;
				PRODUCT_NAME = "$(TARGET_NAME)";
				SWIFT_EMIT_LOC_STRINGS = YES;
				SWIFT_VERSION = 5.0;
				TARGETED_DEVICE_FAMILY = "1,2";
			};
			name = Debug;
		};
		C6BDA9052B8DA75700ED452A /* Release */ = {
			isa = XCBuildConfiguration;
			buildSettings = {
				ASSETCATALOG_COMPILER_APPICON_NAME = AppIcon;
				ASSETCATALOG_COMPILER_GLOBAL_ACCENT_COLOR_NAME = AccentColor;
				CODE_SIGN_STYLE = Automatic;
				CURRENT_PROJECT_VERSION = 1;
				DEVELOPMENT_TEAM = H23U829MKV;
				GENERATE_INFOPLIST_FILE = YES;
				INFOPLIST_FILE = Bankey/Info.plist;
				INFOPLIST_KEY_UIApplicationSupportsIndirectInputEvents = YES;
				INFOPLIST_KEY_UILaunchStoryboardName = LaunchScreen;
				INFOPLIST_KEY_UISupportedInterfaceOrientations_iPad = "UIInterfaceOrientationPortrait UIInterfaceOrientationPortraitUpsideDown UIInterfaceOrientationLandscapeLeft UIInterfaceOrientationLandscapeRight";
				INFOPLIST_KEY_UISupportedInterfaceOrientations_iPhone = "UIInterfaceOrientationPortrait UIInterfaceOrientationLandscapeLeft UIInterfaceOrientationLandscapeRight";
				IPHONEOS_DEPLOYMENT_TARGET = 15.6;
				LD_RUNPATH_SEARCH_PATHS = (
					"$(inherited)",
					"@executable_path/Frameworks",
				);
				MARKETING_VERSION = 1.0;
				PRODUCT_BUNDLE_IDENTIFIER = com.yusheng.Bankey;
				PRODUCT_NAME = "$(TARGET_NAME)";
				SWIFT_EMIT_LOC_STRINGS = YES;
				SWIFT_VERSION = 5.0;
				TARGETED_DEVICE_FAMILY = "1,2";
			};
			name = Release;
		};
/* End XCBuildConfiguration section */

/* Begin XCConfigurationList section */
		C60E7BC22C78D0C0006CD60D /* Build configuration list for PBXNativeTarget "BankeyUnitTests" */ = {
			isa = XCConfigurationList;
			buildConfigurations = (
				C60E7BC32C78D0C0006CD60D /* Debug */,
				C60E7BC42C78D0C0006CD60D /* Release */,
			);
			defaultConfigurationIsVisible = 0;
			defaultConfigurationName = Release;
		};
		C6BDA8EA2B8DA75600ED452A /* Build configuration list for PBXProject "Bankey" */ = {
			isa = XCConfigurationList;
			buildConfigurations = (
				C6BDA9012B8DA75700ED452A /* Debug */,
				C6BDA9022B8DA75700ED452A /* Release */,
			);
			defaultConfigurationIsVisible = 0;
			defaultConfigurationName = Release;
		};
		C6BDA9032B8DA75700ED452A /* Build configuration list for PBXNativeTarget "Bankey" */ = {
			isa = XCConfigurationList;
			buildConfigurations = (
				C6BDA9042B8DA75700ED452A /* Debug */,
				C6BDA9052B8DA75700ED452A /* Release */,
			);
			defaultConfigurationIsVisible = 0;
			defaultConfigurationName = Release;
		};
/* End XCConfigurationList section */

/* Begin XCRemoteSwiftPackageReference section */
		C60E7BA82C770AE7006CD60D /* XCRemoteSwiftPackageReference "SnapKit" */ = {
			isa = XCRemoteSwiftPackageReference;
			repositoryURL = "https://github.com/SnapKit/SnapKit.git";
			requirement = {
				kind = upToNextMajorVersion;
				minimumVersion = 5.7.1;
			};
		};
/* End XCRemoteSwiftPackageReference section */

/* Begin XCSwiftPackageProductDependency section */
		C60E7BA92C770AE7006CD60D /* SnapKit */ = {
			isa = XCSwiftPackageProductDependency;
			package = C60E7BA82C770AE7006CD60D /* XCRemoteSwiftPackageReference "SnapKit" */;
			productName = SnapKit;
		};
/* End XCSwiftPackageProductDependency section */
	};
	rootObject = C6BDA8E72B8DA75600ED452A /* Project object */;
}
