// !$*UTF8*$!
{
	archiveVersion = 1;
	classes = {
	};
	objectVersion = 56;
	objects = {

/* Begin PBXBuildFile section */
		C60E7B9A2C75AEE0006CD60D /* UIViewController+Utils.swift in Sources */ = {isa = PBXBuildFile; fileRef = C60E7B992C75AEE0006CD60D /* UIViewController+Utils.swift */; };
		C60E7B9C2C75B093006CD60D /* MainViewController.swift in Sources */ = {isa = PBXBuildFile; fileRef = C60E7B9B2C75B093006CD60D /* MainViewController.swift */; };
		C60E7B9F2C762406006CD60D /* AccountSummaryViewController.swift in Sources */ = {isa = PBXBuildFile; fileRef = C60E7B9E2C762406006CD60D /* AccountSummaryViewController.swift */; };
		C6390E3F2B9EB98F00EF284D /* OnboardingContainerViewController.swift in Sources */ = {isa = PBXBuildFile; fileRef = C6390E3E2B9EB98F00EF284D /* OnboardingContainerViewController.swift */; };
		C6437B552BFF0D4F002A83DD /* SnapKit in Frameworks */ = {isa = PBXBuildFile; productRef = C6437B542BFF0D4F002A83DD /* SnapKit */; };
		C6BDA8F32B8DA75600ED452A /* AppDelegate.swift in Sources */ = {isa = PBXBuildFile; fileRef = C6BDA8F22B8DA75600ED452A /* AppDelegate.swift */; };
		C6BDA8F72B8DA75600ED452A /* LoginViewController.swift in Sources */ = {isa = PBXBuildFile; fileRef = C6BDA8F62B8DA75600ED452A /* LoginViewController.swift */; };
		C6BDA8FC2B8DA75700ED452A /* Assets.xcassets in Resources */ = {isa = PBXBuildFile; fileRef = C6BDA8FB2B8DA75700ED452A /* Assets.xcassets */; };
		C6BDA8FF2B8DA75700ED452A /* LaunchScreen.storyboard in Resources */ = {isa = PBXBuildFile; fileRef = C6BDA8FD2B8DA75700ED452A /* LaunchScreen.storyboard */; };
		C6BDA9092B8DB10000ED452A /* LoginView.swift in Sources */ = {isa = PBXBuildFile; fileRef = C6BDA9082B8DB10000ED452A /* LoginView.swift */; };
		C6D4F9382C6CED2A00CE556E /* OnboardingViewController.swift in Sources */ = {isa = PBXBuildFile; fileRef = C6D4F9372C6CED2A00CE556E /* OnboardingViewController.swift */; };
		C6D4F93F2C732F1700CE556E /* DummyViewController.swift in Sources */ = {isa = PBXBuildFile; fileRef = C6D4F93E2C732F1700CE556E /* DummyViewController.swift */; };
		C6D4F9422C7441BA00CE556E /* LocalState.swift in Sources */ = {isa = PBXBuildFile; fileRef = C6D4F9412C7441BA00CE556E /* LocalState.swift */; };
/* End PBXBuildFile section */

/* Begin PBXCopyFilesBuildPhase section */
		C6437B4D2BFF0CCF002A83DD /* Embed Frameworks */ = {
			isa = PBXCopyFilesBuildPhase;
			buildActionMask = 2147483647;
			dstPath = "";
			dstSubfolderSpec = 10;
			files = (
			);
			name = "Embed Frameworks";
			runOnlyForDeploymentPostprocessing = 0;
		};
/* End PBXCopyFilesBuildPhase section */

/* Begin PBXFileReference section */
		C60E7B992C75AEE0006CD60D /* UIViewController+Utils.swift */ = {isa = PBXFileReference; lastKnownFileType = sourcecode.swift; path = "UIViewController+Utils.swift"; sourceTree = "<group>"; };
		C60E7B9B2C75B093006CD60D /* MainViewController.swift */ = {isa = PBXFileReference; lastKnownFileType = sourcecode.swift; path = MainViewController.swift; sourceTree = "<group>"; };
		C60E7B9E2C762406006CD60D /* AccountSummaryViewController.swift */ = {isa = PBXFileReference; lastKnownFileType = sourcecode.swift; path = AccountSummaryViewController.swift; sourceTree = "<group>"; };
		C6390E3E2B9EB98F00EF284D /* OnboardingContainerViewController.swift */ = {isa = PBXFileReference; lastKnownFileType = sourcecode.swift; path = OnboardingContainerViewController.swift; sourceTree = "<group>"; };
		C6BDA8EF2B8DA75600ED452A /* Bankey.app */ = {isa = PBXFileReference; explicitFileType = wrapper.application; includeInIndex = 0; path = Bankey.app; sourceTree = BUILT_PRODUCTS_DIR; };
		C6BDA8F22B8DA75600ED452A /* AppDelegate.swift */ = {isa = PBXFileReference; lastKnownFileType = sourcecode.swift; path = AppDelegate.swift; sourceTree = "<group>"; };
		C6BDA8F62B8DA75600ED452A /* LoginViewController.swift */ = {isa = PBXFileReference; lastKnownFileType = sourcecode.swift; path = LoginViewController.swift; sourceTree = "<group>"; };
		C6BDA8FB2B8DA75700ED452A /* Assets.xcassets */ = {isa = PBXFileReference; lastKnownFileType = folder.assetcatalog; path = Assets.xcassets; sourceTree = "<group>"; };
		C6BDA8FE2B8DA75700ED452A /* Base */ = {isa = PBXFileReference; lastKnownFileType = file.storyboard; name = Base; path = Base.lproj/LaunchScreen.storyboard; sourceTree = "<group>"; };
		C6BDA9002B8DA75700ED452A /* Info.plist */ = {isa = PBXFileReference; lastKnownFileType = text.plist.xml; path = Info.plist; sourceTree = "<group>"; };
		C6BDA9082B8DB10000ED452A /* LoginView.swift */ = {isa = PBXFileReference; lastKnownFileType = sourcecode.swift; path = LoginView.swift; sourceTree = "<group>"; };
		C6D4F9372C6CED2A00CE556E /* OnboardingViewController.swift */ = {isa = PBXFileReference; lastKnownFileType = sourcecode.swift; path = OnboardingViewController.swift; sourceTree = "<group>"; };
		C6D4F93E2C732F1700CE556E /* DummyViewController.swift */ = {isa = PBXFileReference; lastKnownFileType = sourcecode.swift; path = DummyViewController.swift; sourceTree = "<group>"; };
		C6D4F9412C7441BA00CE556E /* LocalState.swift */ = {isa = PBXFileReference; lastKnownFileType = sourcecode.swift; path = LocalState.swift; sourceTree = "<group>"; };
/* End PBXFileReference section */

/* Begin PBXFrameworksBuildPhase section */
		C6BDA8EC2B8DA75600ED452A /* Frameworks */ = {
			isa = PBXFrameworksBuildPhase;
			buildActionMask = 2147483647;
			files = (
				C6437B552BFF0D4F002A83DD /* SnapKit in Frameworks */,
			);
			runOnlyForDeploymentPostprocessing = 0;
		};
/* End PBXFrameworksBuildPhase section */

/* Begin PBXGroup section */
		C60E7B9D2C7623E1006CD60D /* AccountSummary */ = {
			isa = PBXGroup;
			children = (
				C60E7B9E2C762406006CD60D /* AccountSummaryViewController.swift */,
			);
			path = AccountSummary;
			sourceTree = "<group>";
		};
		C6390E3D2B9EB91900EF284D /* Onboarding */ = {
			isa = PBXGroup;
			children = (
				C6390E3E2B9EB98F00EF284D /* OnboardingContainerViewController.swift */,
				C6D4F9372C6CED2A00CE556E /* OnboardingViewController.swift */,
			);
			path = Onboarding;
			sourceTree = "<group>";
		};
		C6BDA8E62B8DA75600ED452A = {
			isa = PBXGroup;
			children = (
				C6BDA8F12B8DA75600ED452A /* Bankey */,
				C6BDA8F02B8DA75600ED452A /* Products */,
			);
			sourceTree = "<group>";
		};
		C6BDA8F02B8DA75600ED452A /* Products */ = {
			isa = PBXGroup;
			children = (
				C6BDA8EF2B8DA75600ED452A /* Bankey.app */,
			);
			name = Products;
			sourceTree = "<group>";
		};
		C6BDA8F12B8DA75600ED452A /* Bankey */ = {
			isa = PBXGroup;
			children = (
				C6BDA8F22B8DA75600ED452A /* AppDelegate.swift */,
				C60E7B9B2C75B093006CD60D /* MainViewController.swift */,
				C6BDA9072B8DB0CC00ED452A /* Login */,
				C6390E3D2B9EB91900EF284D /* Onboarding */,
				C60E7B9D2C7623E1006CD60D /* AccountSummary */,
				C6D4F9402C74416200CE556E /* Utils */,
				C6BDA9102B8DBA0200ED452A /* Files */,
			);
			path = Bankey;
			sourceTree = "<group>";
		};
		C6BDA9072B8DB0CC00ED452A /* Login */ = {
			isa = PBXGroup;
			children = (
				C6BDA8F62B8DA75600ED452A /* LoginViewController.swift */,
				C6BDA9082B8DB10000ED452A /* LoginView.swift */,
				C6D4F93E2C732F1700CE556E /* DummyViewController.swift */,
			);
			path = Login;
			sourceTree = "<group>";
		};
		C6BDA9102B8DBA0200ED452A /* Files */ = {
			isa = PBXGroup;
			children = (
				C6BDA8FB2B8DA75700ED452A /* Assets.xcassets */,
				C6BDA8FD2B8DA75700ED452A /* LaunchScreen.storyboard */,
				C6BDA9002B8DA75700ED452A /* Info.plist */,
			);
			name = Files;
			sourceTree = "<group>";
		};
		C6D4F9402C74416200CE556E /* Utils */ = {
			isa = PBXGroup;
			children = (
				C6D4F9412C7441BA00CE556E /* LocalState.swift */,
				C60E7B992C75AEE0006CD60D /* UIViewController+Utils.swift */,
			);
			path = Utils;
			sourceTree = "<group>";
		};
/* End PBXGroup section */

/* Begin PBXNativeTarget section */
		C6BDA8EE2B8DA75600ED452A /* Bankey */ = {
			isa = PBXNativeTarget;
			buildConfigurationList = C6BDA9032B8DA75700ED452A /* Build configuration list for PBXNativeTarget "Bankey" */;
			buildPhases = (
				C6BDA8EB2B8DA75600ED452A /* Sources */,
				C6BDA8EC2B8DA75600ED452A /* Frameworks */,
				C6BDA8ED2B8DA75600ED452A /* Resources */,
				C6437B4D2BFF0CCF002A83DD /* Embed Frameworks */,
			);
			buildRules = (
			);
			dependencies = (
			);
			name = Bankey;
			packageProductDependencies = (
				C6437B542BFF0D4F002A83DD /* SnapKit */,
			);
			productName = Bankey;
			productReference = C6BDA8EF2B8DA75600ED452A /* Bankey.app */;
			productType = "com.apple.product-type.application";
		};
/* End PBXNativeTarget section */

/* Begin PBXProject section */
		C6BDA8E72B8DA75600ED452A /* Project object */ = {
			isa = PBXProject;
			attributes = {
				BuildIndependentTargetsInParallel = 1;
				LastSwiftUpdateCheck = 1500;
				LastUpgradeCheck = 1500;
				TargetAttributes = {
					C6BDA8EE2B8DA75600ED452A = {
						CreatedOnToolsVersion = 15.0.1;
					};
				};
			};
			buildConfigurationList = C6BDA8EA2B8DA75600ED452A /* Build configuration list for PBXProject "Bankey" */;
			compatibilityVersion = "Xcode 14.0";
			developmentRegion = en;
			hasScannedForEncodings = 0;
			knownRegions = (
				en,
				Base,
			);
			mainGroup = C6BDA8E62B8DA75600ED452A;
			packageReferences = (
				C6437B532BFF0D4F002A83DD /* XCRemoteSwiftPackageReference "SnapKit" */,
			);
			productRefGroup = C6BDA8F02B8DA75600ED452A /* Products */;
			projectDirPath = "";
			projectRoot = "";
			targets = (
				C6BDA8EE2B8DA75600ED452A /* Bankey */,
			);
		};
/* End PBXProject section */

/* Begin PBXResourcesBuildPhase section */
		C6BDA8ED2B8DA75600ED452A /* Resources */ = {
			isa = PBXResourcesBuildPhase;
			buildActionMask = 2147483647;
			files = (
				C6BDA8FF2B8DA75700ED452A /* LaunchScreen.storyboard in Resources */,
				C6BDA8FC2B8DA75700ED452A /* Assets.xcassets in Resources */,
			);
			runOnlyForDeploymentPostprocessing = 0;
		};
/* End PBXResourcesBuildPhase section */

/* Begin PBXSourcesBuildPhase section */
		C6BDA8EB2B8DA75600ED452A /* Sources */ = {
			isa = PBXSourcesBuildPhase;
			buildActionMask = 2147483647;
			files = (
				C60E7B9A2C75AEE0006CD60D /* UIViewController+Utils.swift in Sources */,
				C6BDA9092B8DB10000ED452A /* LoginView.swift in Sources */,
				C6D4F9422C7441BA00CE556E /* LocalState.swift in Sources */,
				C6D4F93F2C732F1700CE556E /* DummyViewController.swift in Sources */,
				C6BDA8F72B8DA75600ED452A /* LoginViewController.swift in Sources */,
				C6D4F9382C6CED2A00CE556E /* OnboardingViewController.swift in Sources */,
				C60E7B9C2C75B093006CD60D /* MainViewController.swift in Sources */,
				C60E7B9F2C762406006CD60D /* AccountSummaryViewController.swift in Sources */,
				C6BDA8F32B8DA75600ED452A /* AppDelegate.swift in Sources */,
				C6390E3F2B9EB98F00EF284D /* OnboardingContainerViewController.swift in Sources */,
			);
			runOnlyForDeploymentPostprocessing = 0;
		};
/* End PBXSourcesBuildPhase section */

/* Begin PBXVariantGroup section */
		C6BDA8FD2B8DA75700ED452A /* LaunchScreen.storyboard */ = {
			isa = PBXVariantGroup;
			children = (
				C6BDA8FE2B8DA75700ED452A /* Base */,
			);
			name = LaunchScreen.storyboard;
			sourceTree = "<group>";
		};
/* End PBXVariantGroup section */

/* Begin XCBuildConfiguration section */
		C6BDA9012B8DA75700ED452A /* Debug */ = {
			isa = XCBuildConfiguration;
			buildSettings = {
				ALWAYS_SEARCH_USER_PATHS = NO;
				ASSETCATALOG_COMPILER_GENERATE_SWIFT_ASSET_SYMBOL_EXTENSIONS = YES;
				CLANG_ANALYZER_NONNULL = YES;
				CLANG_ANALYZER_NUMBER_OBJECT_CONVERSION = YES_AGGRESSIVE;
				CLANG_CXX_LANGUAGE_STANDARD = "gnu++20";
				CLANG_ENABLE_MODULES = YES;
				CLANG_ENABLE_OBJC_ARC = YES;
				CLANG_ENABLE_OBJC_WEAK = YES;
				CLANG_WARN_BLOCK_CAPTURE_AUTORELEASING = YES;
				CLANG_WARN_BOOL_CONVERSION = YES;
				CLANG_WARN_COMMA = YES;
				CLANG_WARN_CONSTANT_CONVERSION = YES;
				CLANG_WARN_DEPRECATED_OBJC_IMPLEMENTATIONS = YES;
				CLANG_WARN_DIRECT_OBJC_ISA_USAGE = YES_ERROR;
				CLANG_WARN_DOCUMENTATION_COMMENTS = YES;
				CLANG_WARN_EMPTY_BODY = YES;
				CLANG_WARN_ENUM_CONVERSION = YES;
				CLANG_WARN_INFINITE_RECURSION = YES;
				CLANG_WARN_INT_CONVERSION = YES;
				CLANG_WARN_NON_LITERAL_NULL_CONVERSION = YES;
				CLANG_WARN_OBJC_IMPLICIT_RETAIN_SELF = YES;
				CLANG_WARN_OBJC_LITERAL_CONVERSION = YES;
				CLANG_WARN_OBJC_ROOT_CLASS = YES_ERROR;
				CLANG_WARN_QUOTED_INCLUDE_IN_FRAMEWORK_HEADER = YES;
				CLANG_WARN_RANGE_LOOP_ANALYSIS = YES;
				CLANG_WARN_STRICT_PROTOTYPES = YES;
				CLANG_WARN_SUSPICIOUS_MOVE = YES;
				CLANG_WARN_UNGUARDED_AVAILABILITY = YES_AGGRESSIVE;
				CLANG_WARN_UNREACHABLE_CODE = YES;
				CLANG_WARN__DUPLICATE_METHOD_MATCH = YES;
				COPY_PHASE_STRIP = NO;
				DEBUG_INFORMATION_FORMAT = dwarf;
				ENABLE_STRICT_OBJC_MSGSEND = YES;
				ENABLE_TESTABILITY = YES;
				ENABLE_USER_SCRIPT_SANDBOXING = YES;
				GCC_C_LANGUAGE_STANDARD = gnu17;
				GCC_DYNAMIC_NO_PIC = NO;
				GCC_NO_COMMON_BLOCKS = YES;
				GCC_OPTIMIZATION_LEVEL = 0;
				GCC_PREPROCESSOR_DEFINITIONS = (
					"DEBUG=1",
					"$(inherited)",
				);
				GCC_WARN_64_TO_32_BIT_CONVERSION = YES;
				GCC_WARN_ABOUT_RETURN_TYPE = YES_ERROR;
				GCC_WARN_UNDECLARED_SELECTOR = YES;
				GCC_WARN_UNINITIALIZED_AUTOS = YES_AGGRESSIVE;
				GCC_WARN_UNUSED_FUNCTION = YES;
				GCC_WARN_UNUSED_VARIABLE = YES;
				IPHONEOS_DEPLOYMENT_TARGET = 17.0;
				LOCALIZATION_PREFERS_STRING_CATALOGS = YES;
				MTL_ENABLE_DEBUG_INFO = INCLUDE_SOURCE;
				MTL_FAST_MATH = YES;
				ONLY_ACTIVE_ARCH = YES;
				SDKROOT = iphoneos;
				SWIFT_ACTIVE_COMPILATION_CONDITIONS = "DEBUG $(inherited)";
				SWIFT_OPTIMIZATION_LEVEL = "-Onone";
			};
			name = Debug;
		};
		C6BDA9022B8DA75700ED452A /* Release */ = {
			isa = XCBuildConfiguration;
			buildSettings = {
				ALWAYS_SEARCH_USER_PATHS = NO;
				ASSETCATALOG_COMPILER_GENERATE_SWIFT_ASSET_SYMBOL_EXTENSIONS = YES;
				CLANG_ANALYZER_NONNULL = YES;
				CLANG_ANALYZER_NUMBER_OBJECT_CONVERSION = YES_AGGRESSIVE;
				CLANG_CXX_LANGUAGE_STANDARD = "gnu++20";
				CLANG_ENABLE_MODULES = YES;
				CLANG_ENABLE_OBJC_ARC = YES;
				CLANG_ENABLE_OBJC_WEAK = YES;
				CLANG_WARN_BLOCK_CAPTURE_AUTORELEASING = YES;
				CLANG_WARN_BOOL_CONVERSION = YES;
				CLANG_WARN_COMMA = YES;
				CLANG_WARN_CONSTANT_CONVERSION = YES;
				CLANG_WARN_DEPRECATED_OBJC_IMPLEMENTATIONS = YES;
				CLANG_WARN_DIRECT_OBJC_ISA_USAGE = YES_ERROR;
				CLANG_WARN_DOCUMENTATION_COMMENTS = YES;
				CLANG_WARN_EMPTY_BODY = YES;
				CLANG_WARN_ENUM_CONVERSION = YES;
				CLANG_WARN_INFINITE_RECURSION = YES;
				CLANG_WARN_INT_CONVERSION = YES;
				CLANG_WARN_NON_LITERAL_NULL_CONVERSION = YES;
				CLANG_WARN_OBJC_IMPLICIT_RETAIN_SELF = YES;
				CLANG_WARN_OBJC_LITERAL_CONVERSION = YES;
				CLANG_WARN_OBJC_ROOT_CLASS = YES_ERROR;
				CLANG_WARN_QUOTED_INCLUDE_IN_FRAMEWORK_HEADER = YES;
				CLANG_WARN_RANGE_LOOP_ANALYSIS = YES;
				CLANG_WARN_STRICT_PROTOTYPES = YES;
				CLANG_WARN_SUSPICIOUS_MOVE = YES;
				CLANG_WARN_UNGUARDED_AVAILABILITY = YES_AGGRESSIVE;
				CLANG_WARN_UNREACHABLE_CODE = YES;
				CLANG_WARN__DUPLICATE_METHOD_MATCH = YES;
				COPY_PHASE_STRIP = NO;
				DEBUG_INFORMATION_FORMAT = "dwarf-with-dsym";
				ENABLE_NS_ASSERTIONS = NO;
				ENABLE_STRICT_OBJC_MSGSEND = YES;
				ENABLE_USER_SCRIPT_SANDBOXING = YES;
				GCC_C_LANGUAGE_STANDARD = gnu17;
				GCC_NO_COMMON_BLOCKS = YES;
				GCC_WARN_64_TO_32_BIT_CONVERSION = YES;
				GCC_WARN_ABOUT_RETURN_TYPE = YES_ERROR;
				GCC_WARN_UNDECLARED_SELECTOR = YES;
				GCC_WARN_UNINITIALIZED_AUTOS = YES_AGGRESSIVE;
				GCC_WARN_UNUSED_FUNCTION = YES;
				GCC_WARN_UNUSED_VARIABLE = YES;
				IPHONEOS_DEPLOYMENT_TARGET = 17.0;
				LOCALIZATION_PREFERS_STRING_CATALOGS = YES;
				MTL_ENABLE_DEBUG_INFO = NO;
				MTL_FAST_MATH = YES;
				SDKROOT = iphoneos;
				SWIFT_COMPILATION_MODE = wholemodule;
				VALIDATE_PRODUCT = YES;
			};
			name = Release;
		};
		C6BDA9042B8DA75700ED452A /* Debug */ = {
			isa = XCBuildConfiguration;
			buildSettings = {
				ASSETCATALOG_COMPILER_APPICON_NAME = AppIcon;
				ASSETCATALOG_COMPILER_GLOBAL_ACCENT_COLOR_NAME = AccentColor;
				CODE_SIGN_STYLE = Automatic;
				CURRENT_PROJECT_VERSION = 1;
				DEVELOPMENT_TEAM = H23U829MKV;
				GENERATE_INFOPLIST_FILE = YES;
				INFOPLIST_FILE = Bankey/Info.plist;
				INFOPLIST_KEY_UIApplicationSupportsIndirectInputEvents = YES;
				INFOPLIST_KEY_UILaunchStoryboardName = LaunchScreen;
				INFOPLIST_KEY_UISupportedInterfaceOrientations_iPad = "UIInterfaceOrientationPortrait UIInterfaceOrientationPortraitUpsideDown UIInterfaceOrientationLandscapeLeft UIInterfaceOrientationLandscapeRight";
				INFOPLIST_KEY_UISupportedInterfaceOrientations_iPhone = "UIInterfaceOrientationPortrait UIInterfaceOrientationLandscapeLeft UIInterfaceOrientationLandscapeRight";
				IPHONEOS_DEPLOYMENT_TARGET = 15.1;
				LD_RUNPATH_SEARCH_PATHS = (
					"$(inherited)",
					"@executable_path/Frameworks",
				);
				MARKETING_VERSION = 1.0;
				PRODUCT_BUNDLE_IDENTIFIER = com.yusheng.Bankey;
				PRODUCT_NAME = "$(TARGET_NAME)";
				SWIFT_EMIT_LOC_STRINGS = YES;
				SWIFT_VERSION = 5.0;
				TARGETED_DEVICE_FAMILY = "1,2";
			};
			name = Debug;
		};
		C6BDA9052B8DA75700ED452A /* Release */ = {
			isa = XCBuildConfiguration;
			buildSettings = {
				ASSETCATALOG_COMPILER_APPICON_NAME = AppIcon;
				ASSETCATALOG_COMPILER_GLOBAL_ACCENT_COLOR_NAME = AccentColor;
				CODE_SIGN_STYLE = Automatic;
				CURRENT_PROJECT_VERSION = 1;
				DEVELOPMENT_TEAM = H23U829MKV;
				GENERATE_INFOPLIST_FILE = YES;
				INFOPLIST_FILE = Bankey/Info.plist;
				INFOPLIST_KEY_UIApplicationSupportsIndirectInputEvents = YES;
				INFOPLIST_KEY_UILaunchStoryboardName = LaunchScreen;
				INFOPLIST_KEY_UISupportedInterfaceOrientations_iPad = "UIInterfaceOrientationPortrait UIInterfaceOrientationPortraitUpsideDown UIInterfaceOrientationLandscapeLeft UIInterfaceOrientationLandscapeRight";
				INFOPLIST_KEY_UISupportedInterfaceOrientations_iPhone = "UIInterfaceOrientationPortrait UIInterfaceOrientationLandscapeLeft UIInterfaceOrientationLandscapeRight";
				IPHONEOS_DEPLOYMENT_TARGET = 15.1;
				LD_RUNPATH_SEARCH_PATHS = (
					"$(inherited)",
					"@executable_path/Frameworks",
				);
				MARKETING_VERSION = 1.0;
				PRODUCT_BUNDLE_IDENTIFIER = com.yusheng.Bankey;
				PRODUCT_NAME = "$(TARGET_NAME)";
				SWIFT_EMIT_LOC_STRINGS = YES;
				SWIFT_VERSION = 5.0;
				TARGETED_DEVICE_FAMILY = "1,2";
			};
			name = Release;
		};
/* End XCBuildConfiguration section */

/* Begin XCConfigurationList section */
		C6BDA8EA2B8DA75600ED452A /* Build configuration list for PBXProject "Bankey" */ = {
			isa = XCConfigurationList;
			buildConfigurations = (
				C6BDA9012B8DA75700ED452A /* Debug */,
				C6BDA9022B8DA75700ED452A /* Release */,
			);
			defaultConfigurationIsVisible = 0;
			defaultConfigurationName = Release;
		};
		C6BDA9032B8DA75700ED452A /* Build configuration list for PBXNativeTarget "Bankey" */ = {
			isa = XCConfigurationList;
			buildConfigurations = (
				C6BDA9042B8DA75700ED452A /* Debug */,
				C6BDA9052B8DA75700ED452A /* Release */,
			);
			defaultConfigurationIsVisible = 0;
			defaultConfigurationName = Release;
		};
/* End XCConfigurationList section */

/* Begin XCRemoteSwiftPackageReference section */
		C6437B532BFF0D4F002A83DD /* XCRemoteSwiftPackageReference "SnapKit" */ = {
			isa = XCRemoteSwiftPackageReference;
			repositoryURL = "https://github.com/SnapKit/SnapKit.git";
			requirement = {
				kind = upToNextMajorVersion;
				minimumVersion = 5.7.1;
			};
		};
/* End XCRemoteSwiftPackageReference section */

/* Begin XCSwiftPackageProductDependency section */
		C6437B542BFF0D4F002A83DD /* SnapKit */ = {
			isa = XCSwiftPackageProductDependency;
			package = C6437B532BFF0D4F002A83DD /* XCRemoteSwiftPackageReference "SnapKit" */;
			productName = SnapKit;
		};
/* End XCSwiftPackageProductDependency section */
	};
	rootObject = C6BDA8E72B8DA75600ED452A /* Project object */;
}
